
Microsoft Visual Studio Solution File, Format Version 12.00
# Visual Studio Version 17
VisualStudioVersion = 17.14.37531.7 d17.14
MinimumVisualStudioVersion = 10.0.40219.1
Project("{FAE04EC0-301F-11D3-BF4B-00C04F79EFBC}") = "DoubleSmileChat", "DoubleSmileChat\DoubleSmileChat.csproj", "{5FDE166A-155B-46B2-9208-AE866E02CB28}"
EndProject
Global
	GlobalSection(SolutionConfigurationPlatforms) = preSolution
		Debug|Any CPU = Debug|Any CPU
		Debug|x64 = Debug|x64
		Release|Any CPU = Release|Any CPU
		Release|x64 = Release|x64
	EndGlobalSection
	GlobalSection(ProjectConfigurationPlatforms) = postSolution
		{5FDE166A-155B-46B2-9208-AE866E02CB28}.Debug|Any CPU.ActiveCfg = Debug|Any CPU
		{5FDE166A-155B-46B2-9208-AE866E02CB28}.Debug|Any CPU.Build.0 = Debug|Any CPU
		{5FDE166A-155B-46B2-9208-AE866E02CB28}.Debug|x64.ActiveCfg = Debug|x64
		{5FDE166A-155B-46B2-9208-AE866E02CB28}.Debug|x64.Build.0 = Debug|x64
		{5FDE166A-155B-46B2-9208-AE866E02CB28}.Release|Any CPU.ActiveCfg = Release|Any CPU
		{5FDE166A-155B-46B2-9208-AE866E02CB28}.Release|Any CPU.Build.0 = Release|Any CPU
		{5FDE166A-155B-46B2-9208-AE866E02CB28}.Release|x64.ActiveCfg = Release|x64
		{5FDE166A-155B-46B2-9208-AE866E02CB28}.Release|x64.Build.0 = Release|x64
	EndGlobalSection
	GlobalSection(SolutionProperties) = preSolution
		HideSolutionNode = FALSE
	EndGlobalSection
	GlobalSection(ExtensibilityGlobals) = postSolution
		SolutionGuid = {C371AC8D-B92D-49FF-B055-8F417C026D26}
	EndGlobalSection
EndGlobal
